
Microsoft Visual Studio Solution File, Format Version 12.00
# Visual Studio Version 17
VisualStudioVersion = 17.6.33829.357
MinimumVisualStudioVersion = 10.0.40219.1
Project("{FAE04EC0-301F-11D3-BF4B-00C04F79EFBC}") = "TaletApi", "TaletApi\TaletApi.csproj", "{CE6510E6-514E-4DA4-8C35-B670ABFEA263}"
EndProject
Global
	GlobalSection(SolutionConfigurationPlatforms) = preSolution
		Debug|Any CPU = Debug|Any CPU
		Release|Any CPU = Release|Any CPU
	EndGlobalSection
	GlobalSection(ProjectConfigurationPlatforms) = postSolution
		{CE6510E6-514E-4DA4-8C35-B670ABFEA263}.Debug|Any CPU.ActiveCfg = Debug|Any CPU
		{CE6510E6-514E-4DA4-8C35-B670ABFEA263}.Debug|Any CPU.Build.0 = Debug|Any CPU
		{CE6510E6-514E-4DA4-8C35-B670ABFEA263}.Release|Any CPU.ActiveCfg = Release|Any CPU
		{CE6510E6-514E-4DA4-8C35-B670ABFEA263}.Release|Any CPU.Build.0 = Release|Any CPU
	EndGlobalSection
	GlobalSection(SolutionProperties) = preSolution
		HideSolutionNode = FALSE
	EndGlobalSection
	GlobalSection(ExtensibilityGlobals) = postSolution
		SolutionGuid = {7A06F2FD-0AC0-41D9-A1F0-EFE1338C4C25}
	EndGlobalSection
EndGlobal
